
Microsoft Visual Studio Solution File, Format Version 12.00
# Visual Studio 2013
VisualStudioVersion = 12.0.31101.0
MinimumVisualStudioVersion = 10.0.40219.1
Project("{FAE04EC0-301F-11D3-BF4B-00C04F79EFBC}") = "Unit_Testing_Triangle", "Unit_Testing_Triangle\Unit_Testing_Triangle.csproj", "{3C14287F-FFE1-4700-9A2D-9B94D02067F7}"
EndProject
Project("{FAE04EC0-301F-11D3-BF4B-00C04F79EFBC}") = "UnitTests", "UnitTests\UnitTests.csproj", "{1A0524B4-DA1E-40BF-BE77-381A9A2A1689}"
EndProject
Global
	GlobalSection(SolutionConfigurationPlatforms) = preSolution
		Debug|Any CPU = Debug|Any CPU
		Release|Any CPU = Release|Any CPU
	EndGlobalSection
	GlobalSection(ProjectConfigurationPlatforms) = postSolution
		{3C14287F-FFE1-4700-9A2D-9B94D02067F7}.Debug|Any CPU.ActiveCfg = Debug|Any CPU
		{3C14287F-FFE1-4700-9A2D-9B94D02067F7}.Debug|Any CPU.Build.0 = Debug|Any CPU
		{3C14287F-FFE1-4700-9A2D-9B94D02067F7}.Release|Any CPU.ActiveCfg = Release|Any CPU
		{3C14287F-FFE1-4700-9A2D-9B94D02067F7}.Release|Any CPU.Build.0 = Release|Any CPU
		{1A0524B4-DA1E-40BF-BE77-381A9A2A1689}.Debug|Any CPU.ActiveCfg = Debug|Any CPU
		{1A0524B4-DA1E-40BF-BE77-381A9A2A1689}.Debug|Any CPU.Build.0 = Debug|Any CPU
		{1A0524B4-DA1E-40BF-BE77-381A9A2A1689}.Release|Any CPU.ActiveCfg = Release|Any CPU
		{1A0524B4-DA1E-40BF-BE77-381A9A2A1689}.Release|Any CPU.Build.0 = Release|Any CPU
	EndGlobalSection
	GlobalSection(SolutionProperties) = preSolution
		HideSolutionNode = FALSE
	EndGlobalSection
EndGlobal
